
Microsoft Visual Studio Solution File, Format Version 11.00
# Visual Studio 2010
Project("{FAE04EC0-301F-11D3-BF4B-00C04F79EFBC}") = "Exemplo01", "Exemplo01\Exemplo01.csproj", "{79BD5F70-6DED-45A3-B084-DC0AC742FEFC}"
EndProject
Global
	GlobalSection(SolutionConfigurationPlatforms) = preSolution
		Debug|Any CPU = Debug|Any CPU
		Release|Any CPU = Release|Any CPU
	EndGlobalSection
	GlobalSection(ProjectConfigurationPlatforms) = postSolution
		{79BD5F70-6DED-45A3-B084-DC0AC742FEFC}.Debug|Any CPU.ActiveCfg = Debug|Any CPU
		{79BD5F70-6DED-45A3-B084-DC0AC742FEFC}.Debug|Any CPU.Build.0 = Debug|Any CPU
		{79BD5F70-6DED-45A3-B084-DC0AC742FEFC}.Release|Any CPU.ActiveCfg = Release|Any CPU
		{79BD5F70-6DED-45A3-B084-DC0AC742FEFC}.Release|Any CPU.Build.0 = Release|Any CPU
	EndGlobalSection
	GlobalSection(SolutionProperties) = preSolution
		HideSolutionNode = FALSE
	EndGlobalSection
EndGlobal
