
Microsoft Visual Studio Solution File, Format Version 10.00
# Visual Studio 2008
Project("{FAE04EC0-301F-11D3-BF4B-00C04F79EFBC}") = "UsandoTemas", "UsandoTemas\UsandoTemas.csproj", "{B41FD33D-FA10-491D-A376-4CE42AD41862}"
EndProject
Global
	GlobalSection(SolutionConfigurationPlatforms) = preSolution
		Debug|Any CPU = Debug|Any CPU
		Release|Any CPU = Release|Any CPU
	EndGlobalSection
	GlobalSection(ProjectConfigurationPlatforms) = postSolution
		{B41FD33D-FA10-491D-A376-4CE42AD41862}.Debug|Any CPU.ActiveCfg = Debug|Any CPU
		{B41FD33D-FA10-491D-A376-4CE42AD41862}.Debug|Any CPU.Build.0 = Debug|Any CPU
		{B41FD33D-FA10-491D-A376-4CE42AD41862}.Release|Any CPU.ActiveCfg = Release|Any CPU
		{B41FD33D-FA10-491D-A376-4CE42AD41862}.Release|Any CPU.Build.0 = Release|Any CPU
	EndGlobalSection
	GlobalSection(SolutionProperties) = preSolution
		HideSolutionNode = FALSE
	EndGlobalSection
EndGlobal
